
Microsoft Visual Studio Solution File, Format Version 12.00
# Visual Studio 15
VisualStudioVersion = 15.0.27703.2035
MinimumVisualStudioVersion = 10.0.40219.1
Project("{FAE04EC0-301F-11D3-BF4B-00C04F79EFBC}") = "RestAPISampleApp", "RestAPISampleApp\RestAPISampleApp.csproj", "{094064BD-A393-431C-A1E0-CE7A44E3EEFA}"
EndProject
Global
	GlobalSection(SolutionConfigurationPlatforms) = preSolution
		Debug|Any CPU = Debug|Any CPU
		Release|Any CPU = Release|Any CPU
	EndGlobalSection
	GlobalSection(ProjectConfigurationPlatforms) = postSolution
		{094064BD-A393-431C-A1E0-CE7A44E3EEFA}.Debug|Any CPU.ActiveCfg = Debug|Any CPU
		{094064BD-A393-431C-A1E0-CE7A44E3EEFA}.Debug|Any CPU.Build.0 = Debug|Any CPU
		{094064BD-A393-431C-A1E0-CE7A44E3EEFA}.Release|Any CPU.ActiveCfg = Release|Any CPU
		{094064BD-A393-431C-A1E0-CE7A44E3EEFA}.Release|Any CPU.Build.0 = Release|Any CPU
	EndGlobalSection
	GlobalSection(SolutionProperties) = preSolution
		HideSolutionNode = FALSE
	EndGlobalSection
	GlobalSection(ExtensibilityGlobals) = postSolution
		SolutionGuid = {1F5E80AC-5A61-45AD-BAA1-CCC0097E1420}
	EndGlobalSection
EndGlobal
